
Microsoft Visual Studio Solution File, Format Version 12.00
# Visual Studio 2012
Project("{FAE04EC0-301F-11D3-BF4B-00C04F79EFBC}") = "ChartDemo", "ChartDemo\ChartDemo.csproj", "{4DFCA15E-5C35-4E73-A280-79DBA783B98B}"
EndProject
Project("{FAE04EC0-301F-11D3-BF4B-00C04F79EFBC}") = "ChartDemo.iOS", "iOS\ChartDemo.iOS.csproj", "{17FA8CAD-4B45-45C3-BA3A-76D67C4250FC}"
EndProject
Project("{FAE04EC0-301F-11D3-BF4B-00C04F79EFBC}") = "ChartDemo.Droid", "Droid\ChartDemo.Droid.csproj", "{FA85188B-FC02-49AA-8DED-57055FBA47E7}"
EndProject
Global
	GlobalSection(SolutionConfigurationPlatforms) = preSolution
		Debug|Any CPU = Debug|Any CPU
		Release|Any CPU = Release|Any CPU
		Debug|iPhoneSimulator = Debug|iPhoneSimulator
		Release|iPhone = Release|iPhone
		Release|iPhoneSimulator = Release|iPhoneSimulator
		Debug|iPhone = Debug|iPhone
	EndGlobalSection
	GlobalSection(ProjectConfigurationPlatforms) = postSolution
		{4DFCA15E-5C35-4E73-A280-79DBA783B98B}.Debug|Any CPU.ActiveCfg = Debug|Any CPU
		{4DFCA15E-5C35-4E73-A280-79DBA783B98B}.Debug|Any CPU.Build.0 = Debug|Any CPU
		{4DFCA15E-5C35-4E73-A280-79DBA783B98B}.Release|Any CPU.ActiveCfg = Release|Any CPU
		{4DFCA15E-5C35-4E73-A280-79DBA783B98B}.Release|Any CPU.Build.0 = Release|Any CPU
		{4DFCA15E-5C35-4E73-A280-79DBA783B98B}.Debug|iPhoneSimulator.ActiveCfg = Debug|Any CPU
		{4DFCA15E-5C35-4E73-A280-79DBA783B98B}.Debug|iPhoneSimulator.Build.0 = Debug|Any CPU
		{4DFCA15E-5C35-4E73-A280-79DBA783B98B}.Release|iPhone.ActiveCfg = Release|Any CPU
		{4DFCA15E-5C35-4E73-A280-79DBA783B98B}.Release|iPhone.Build.0 = Release|Any CPU
		{4DFCA15E-5C35-4E73-A280-79DBA783B98B}.Release|iPhoneSimulator.ActiveCfg = Release|Any CPU
		{4DFCA15E-5C35-4E73-A280-79DBA783B98B}.Release|iPhoneSimulator.Build.0 = Release|Any CPU
		{4DFCA15E-5C35-4E73-A280-79DBA783B98B}.Debug|iPhone.ActiveCfg = Debug|Any CPU
		{4DFCA15E-5C35-4E73-A280-79DBA783B98B}.Debug|iPhone.Build.0 = Debug|Any CPU
		{17FA8CAD-4B45-45C3-BA3A-76D67C4250FC}.Debug|Any CPU.ActiveCfg = Debug|iPhoneSimulator
		{17FA8CAD-4B45-45C3-BA3A-76D67C4250FC}.Debug|Any CPU.Build.0 = Debug|iPhoneSimulator
		{17FA8CAD-4B45-45C3-BA3A-76D67C4250FC}.Release|Any CPU.ActiveCfg = Release|iPhone
		{17FA8CAD-4B45-45C3-BA3A-76D67C4250FC}.Release|Any CPU.Build.0 = Release|iPhone
		{17FA8CAD-4B45-45C3-BA3A-76D67C4250FC}.Debug|iPhoneSimulator.ActiveCfg = Debug|iPhoneSimulator
		{17FA8CAD-4B45-45C3-BA3A-76D67C4250FC}.Debug|iPhoneSimulator.Build.0 = Debug|iPhoneSimulator
		{17FA8CAD-4B45-45C3-BA3A-76D67C4250FC}.Release|iPhone.ActiveCfg = Release|iPhone
		{17FA8CAD-4B45-45C3-BA3A-76D67C4250FC}.Release|iPhone.Build.0 = Release|iPhone
		{17FA8CAD-4B45-45C3-BA3A-76D67C4250FC}.Release|iPhoneSimulator.ActiveCfg = Release|iPhoneSimulator
		{17FA8CAD-4B45-45C3-BA3A-76D67C4250FC}.Release|iPhoneSimulator.Build.0 = Release|iPhoneSimulator
		{17FA8CAD-4B45-45C3-BA3A-76D67C4250FC}.Debug|iPhone.ActiveCfg = Debug|iPhone
		{17FA8CAD-4B45-45C3-BA3A-76D67C4250FC}.Debug|iPhone.Build.0 = Debug|iPhone
		{FA85188B-FC02-49AA-8DED-57055FBA47E7}.Debug|Any CPU.ActiveCfg = Debug|Any CPU
		{FA85188B-FC02-49AA-8DED-57055FBA47E7}.Debug|Any CPU.Build.0 = Debug|Any CPU
		{FA85188B-FC02-49AA-8DED-57055FBA47E7}.Release|Any CPU.ActiveCfg = Release|Any CPU
		{FA85188B-FC02-49AA-8DED-57055FBA47E7}.Release|Any CPU.Build.0 = Release|Any CPU
		{FA85188B-FC02-49AA-8DED-57055FBA47E7}.Debug|iPhoneSimulator.ActiveCfg = Debug|Any CPU
		{FA85188B-FC02-49AA-8DED-57055FBA47E7}.Debug|iPhoneSimulator.Build.0 = Debug|Any CPU
		{FA85188B-FC02-49AA-8DED-57055FBA47E7}.Release|iPhone.ActiveCfg = Release|Any CPU
		{FA85188B-FC02-49AA-8DED-57055FBA47E7}.Release|iPhone.Build.0 = Release|Any CPU
		{FA85188B-FC02-49AA-8DED-57055FBA47E7}.Release|iPhoneSimulator.ActiveCfg = Release|Any CPU
		{FA85188B-FC02-49AA-8DED-57055FBA47E7}.Release|iPhoneSimulator.Build.0 = Release|Any CPU
		{FA85188B-FC02-49AA-8DED-57055FBA47E7}.Debug|iPhone.ActiveCfg = Debug|Any CPU
		{FA85188B-FC02-49AA-8DED-57055FBA47E7}.Debug|iPhone.Build.0 = Debug|Any CPU
	EndGlobalSection
EndGlobal
